speakeasyVersion: 1.791.0
sources:
    luqra-api:
        sourceNamespace: luqra-api
        sourceRevisionDigest: sha256:a2c39fbdd0107e9ff048f0a35e45f5416e544d2edda6e7d52bb15b8b7ae5b866
        sourceBlobDigest: sha256:92bc1ed9af8ec5bde2dd8cb7d032f9705df05daa4857b126ba5cff59f4d87c6e
        tags:
            - latest
            - 1.0.0-staging.481.d954c08
targets:
    php-sdk:
        source: luqra-api
        sourceNamespace: luqra-api
        sourceRevisionDigest: sha256:a2c39fbdd0107e9ff048f0a35e45f5416e544d2edda6e7d52bb15b8b7ae5b866
        sourceBlobDigest: sha256:92bc1ed9af8ec5bde2dd8cb7d032f9705df05daa4857b126ba5cff59f4d87c6e
workflow:
    workflowVersion: 1.0.0
    speakeasyVersion: latest
    sources:
        luqra-api:
            inputs:
                - location: ./openapi.json
    targets:
        php-sdk:
            target: php
            source: luqra-api
            output: .
            codeSamples:
                output: code-samples.yaml
                labelOverride:
                    fixedValue: Php (SDK)
                blocking: false
