speakeasyVersion: 1.763.3
sources:
    luqra-api:
        sourceNamespace: luqra-api
        sourceRevisionDigest: sha256:5724375126aa570683dd7d1583584c2dbc53717e13da01e8a9f3f48d3ffd8fbb
        sourceBlobDigest: sha256:ec2f8255d7be71bce5d2289bf064c1139c1bf194a224c913bbd18531c0e23bd4
        tags:
            - latest
            - 1.0.0
targets:
    php-sdk:
        source: luqra-api
        sourceNamespace: luqra-api
        sourceRevisionDigest: sha256:5724375126aa570683dd7d1583584c2dbc53717e13da01e8a9f3f48d3ffd8fbb
        sourceBlobDigest: sha256:ec2f8255d7be71bce5d2289bf064c1139c1bf194a224c913bbd18531c0e23bd4
workflow:
    workflowVersion: 1.0.0
    speakeasyVersion: latest
    sources:
        luqra-api:
            inputs:
                - location: ./openapi.json
            registry:
                location: registry.speakeasyapi.dev/tihon/docs/luqra-api
    targets:
        php-sdk:
            target: php
            source: luqra-api
            output: .
            codeSamples:
                output: code-samples.yaml
                labelOverride:
                    fixedValue: Php (SDK)
                blocking: false
